# THIS IS AN AUTOGENERATED FILE. DO NOT EDIT THIS FILE DIRECTLY.
# yarn lockfile v1


"@babel/parser@^7.16.4":
  version "7.21.4"
  resolved "https://pkgs.dev.azure.com/alm-animaeducacao/_packaging/animacore/npm/registry/@babel/parser/-/parser-7.21.4.tgz#94003fdfc520bbe2875d4ae557b43ddb6d880f17"
  integrity sha1-lAA/38Ugu+KHXUrlV7Q9222IDxc=

"@esbuild/android-arm64@0.17.15":
  version "0.17.15"
  resolved "https://pkgs.dev.azure.com/alm-animaeducacao/_packaging/animacore/npm/registry/@esbuild/android-arm64/-/android-arm64-0.17.15.tgz#893ad71f3920ccb919e1757c387756a9bca2ef42"
  integrity sha1-iTrXHzkgzLkZ4XV8OHdWqbyi70I=

"@esbuild/android-arm@0.17.15":
  version "0.17.15"
  resolved "https://pkgs.dev.azure.com/alm-animaeducacao/_packaging/animacore/npm/registry/@esbuild/android-arm/-/android-arm-0.17.15.tgz#143e0d4e4c08c786ea410b9a7739779a9a1315d8"
  integrity sha1-FD4NTkwIx4bqQQuadzl3mpoTFdg=

"@esbuild/android-x64@0.17.15":
  version "0.17.15"
  resolved "https://pkgs.dev.azure.com/alm-animaeducacao/_packaging/animacore/npm/registry/@esbuild/android-x64/-/android-x64-0.17.15.tgz#d2d12a7676b2589864281b2274355200916540bc"
  integrity sha1-0tEqdnayWJhkKBsidDVSAJFlQLw=

"@esbuild/darwin-arm64@0.17.15":
  version "0.17.15"
  resolved "https://pkgs.dev.azure.com/alm-animaeducacao/_packaging/animacore/npm/registry/@esbuild/darwin-arm64/-/darwin-arm64-0.17.15.tgz#2e88e79f1d327a2a7d9d06397e5232eb0a473d61"
  integrity sha1-Lojnnx0yeip9nQY5flIy6wpHPWE=

"@esbuild/darwin-x64@0.17.15":
  version "0.17.15"
  resolved "https://pkgs.dev.azure.com/alm-animaeducacao/_packaging/animacore/npm/registry/@esbuild/darwin-x64/-/darwin-x64-0.17.15.tgz#9384e64c0be91388c57be6d3a5eaf1c32a99c91d"
  integrity sha1-k4TmTAvpE4jFe+bTperxwyqZyR0=

"@esbuild/freebsd-arm64@0.17.15":
  version "0.17.15"
  resolved "https://pkgs.dev.azure.com/alm-animaeducacao/_packaging/animacore/npm/registry/@esbuild/freebsd-arm64/-/freebsd-arm64-0.17.15.tgz#2ad5a35bc52ebd9ca6b845dbc59ba39647a93c1a"
  integrity sha1-KtWjW8UuvZymuEXbxZujlkepPBo=

"@esbuild/freebsd-x64@0.17.15":
  version "0.17.15"
  resolved "https://pkgs.dev.azure.com/alm-animaeducacao/_packaging/animacore/npm/registry/@esbuild/freebsd-x64/-/freebsd-x64-0.17.15.tgz#b513a48446f96c75fda5bef470e64d342d4379cd"
  integrity sha1-tROkhEb5bHX9pb70cOZNNC1Dec0=

"@esbuild/linux-arm64@0.17.15":
  version "0.17.15"
  resolved "https://pkgs.dev.azure.com/alm-animaeducacao/_packaging/animacore/npm/registry/@esbuild/linux-arm64/-/linux-arm64-0.17.15.tgz#9697b168175bfd41fa9cc4a72dd0d48f24715f31"
  integrity sha1-lpexaBdb/UH6nMSnLdDUjyRxXzE=

"@esbuild/linux-arm@0.17.15":
  version "0.17.15"
  resolved "https://pkgs.dev.azure.com/alm-animaeducacao/_packaging/animacore/npm/registry/@esbuild/linux-arm/-/linux-arm-0.17.15.tgz#5b22062c54f48cd92fab9ffd993732a52db70cd3"
  integrity sha1-WyIGLFT0jNkvq5/9mTcypS23DNM=

"@esbuild/linux-ia32@0.17.15":
  version "0.17.15"
  resolved "https://pkgs.dev.azure.com/alm-animaeducacao/_packaging/animacore/npm/registry/@esbuild/linux-ia32/-/linux-ia32-0.17.15.tgz#eb28a13f9b60b5189fcc9e98e1024f6b657ba54c"
  integrity sha1-6yihP5tgtRifzJ6Y4QJPa2V7pUw=

"@esbuild/linux-loong64@0.17.15":
  version "0.17.15"
  resolved "https://pkgs.dev.azure.com/alm-animaeducacao/_packaging/animacore/npm/registry/@esbuild/linux-loong64/-/linux-loong64-0.17.15.tgz#32454bdfe144cf74b77895a8ad21a15cb81cfbe5"
  integrity sha1-MkVL3+FEz3S3eJWorSGhXLgc++U=

"@esbuild/linux-mips64el@0.17.15":
  version "0.17.15"
  resolved "https://pkgs.dev.azure.com/alm-animaeducacao/_packaging/animacore/npm/registry/@esbuild/linux-mips64el/-/linux-mips64el-0.17.15.tgz#af12bde0d775a318fad90eb13a0455229a63987c"
  integrity sha1-rxK94Nd1oxj62Q6xOgRVIppjmHw=

"@esbuild/linux-ppc64@0.17.15":
  version "0.17.15"
  resolved "https://pkgs.dev.azure.com/alm-animaeducacao/_packaging/animacore/npm/registry/@esbuild/linux-ppc64/-/linux-ppc64-0.17.15.tgz#34c5ed145b2dfc493d3e652abac8bd3baa3865a5"
  integrity sha1-NMXtFFst/Ek9PmUqusi9O6o4ZaU=

"@esbuild/linux-riscv64@0.17.15":
  version "0.17.15"
  resolved "https://pkgs.dev.azure.com/alm-animaeducacao/_packaging/animacore/npm/registry/@esbuild/linux-riscv64/-/linux-riscv64-0.17.15.tgz#87bd515e837f2eb004b45f9e6a94dc5b93f22b92"
  integrity sha1-h71RXoN/LrAEtF+eapTcW5PyK5I=

"@esbuild/linux-s390x@0.17.15":
  version "0.17.15"
  resolved "https://pkgs.dev.azure.com/alm-animaeducacao/_packaging/animacore/npm/registry/@esbuild/linux-s390x/-/linux-s390x-0.17.15.tgz#20bf7947197f199ddac2ec412029a414ceae3aa3"
  integrity sha1-IL95Rxl/GZ3awuxBICmkFM6uOqM=

"@esbuild/linux-x64@0.17.15":
  version "0.17.15"
  resolved "https://pkgs.dev.azure.com/alm-animaeducacao/_packaging/animacore/npm/registry/@esbuild/linux-x64/-/linux-x64-0.17.15.tgz#31b93f9c94c195e852c20cd3d1914a68aa619124"
  integrity sha1-Mbk/nJTBlehSwgzT0ZFKaKphkSQ=

"@esbuild/netbsd-x64@0.17.15":
  version "0.17.15"
  resolved "https://pkgs.dev.azure.com/alm-animaeducacao/_packaging/animacore/npm/registry/@esbuild/netbsd-x64/-/netbsd-x64-0.17.15.tgz#8da299b3ac6875836ca8cdc1925826498069ac65"
  integrity sha1-jaKZs6xodYNsqM3BklgmSYBprGU=

"@esbuild/openbsd-x64@0.17.15":
  version "0.17.15"
  resolved "https://pkgs.dev.azure.com/alm-animaeducacao/_packaging/animacore/npm/registry/@esbuild/openbsd-x64/-/openbsd-x64-0.17.15.tgz#04a1ec3d4e919714dba68dcf09eeb1228ad0d20c"
  integrity sha1-BKHsPU6RlxTbpo3PCe6xIorQ0gw=

"@esbuild/sunos-x64@0.17.15":
  version "0.17.15"
  resolved "https://pkgs.dev.azure.com/alm-animaeducacao/_packaging/animacore/npm/registry/@esbuild/sunos-x64/-/sunos-x64-0.17.15.tgz#6694ebe4e16e5cd7dab6505ff7c28f9c1c695ce5"
  integrity sha1-ZpTr5OFuXNfatlBf98KPnBxpXOU=

"@esbuild/win32-arm64@0.17.15":
  version "0.17.15"
  resolved "https://pkgs.dev.azure.com/alm-animaeducacao/_packaging/animacore/npm/registry/@esbuild/win32-arm64/-/win32-arm64-0.17.15.tgz#1f95b2564193c8d1fee8f8129a0609728171d500"
  integrity sha1-H5WyVkGTyNH+6PgSmgYJcoFx1QA=

"@esbuild/win32-ia32@0.17.15":
  version "0.17.15"
  resolved "https://pkgs.dev.azure.com/alm-animaeducacao/_packaging/animacore/npm/registry/@esbuild/win32-ia32/-/win32-ia32-0.17.15.tgz#c362b88b3df21916ed7bcf75c6d09c6bf3ae354a"
  integrity sha1-w2K4iz3yGRbte891xtCca/OuNUo=

"@esbuild/win32-x64@0.17.15":
  version "0.17.15"
  resolved "https://pkgs.dev.azure.com/alm-animaeducacao/_packaging/animacore/npm/registry/@esbuild/win32-x64/-/win32-x64-0.17.15.tgz#c2e737f3a201ebff8e2ac2b8e9f246b397ad19b8"
  integrity sha1-wuc386IB6/+OKsK46fJGs5etGbg=

"@types/web-bluetooth@^0.0.16":
  version "0.0.16"
  resolved "https://pkgs.dev.azure.com/alm-animaeducacao/_packaging/animacore/npm/registry/@types/web-bluetooth/-/web-bluetooth-0.0.16.tgz#1d12873a8e49567371f2a75fe3e7f7edca6662d8"
  integrity sha1-HRKHOo5JVnNx8qdf4+f37cpmYtg=

"@vitejs/plugin-vue@^4.1.0":
  version "4.1.0"
  resolved "https://pkgs.dev.azure.com/alm-animaeducacao/_packaging/animacore/npm/registry/@vitejs/plugin-vue/-/plugin-vue-4.1.0.tgz#b6a9d83cd91575f7ee15593f6444397f68751073"
  integrity sha1-tqnYPNkVdffuFVk/ZEQ5f2h1EHM=

"@volar/language-core@1.3.0-alpha.0":
  version "1.3.0-alpha.0"
  resolved "https://pkgs.dev.azure.com/alm-animaeducacao/_packaging/animacore/npm/registry/@volar/language-core/-/language-core-1.3.0-alpha.0.tgz#4924b4cbc37dbce5f3845c1d2b2811938223a980"
  integrity sha1-SSS0y8N9vOXzhFwdKygRk4IjqYA=
  dependencies:
    "@volar/source-map" "1.3.0-alpha.0"

"@volar/source-map@1.3.0-alpha.0":
  version "1.3.0-alpha.0"
  resolved "https://pkgs.dev.azure.com/alm-animaeducacao/_packaging/animacore/npm/registry/@volar/source-map/-/source-map-1.3.0-alpha.0.tgz#c45d51ecb9759604d29fb80211d2fc9765e5559c"
  integrity sha1-xF1R7Ll1lgTSn7gCEdL8l2XlVZw=
  dependencies:
    muggle-string "^0.2.2"

"@volar/typescript@1.3.0-alpha.0":
  version "1.3.0-alpha.0"
  resolved "https://pkgs.dev.azure.com/alm-animaeducacao/_packaging/animacore/npm/registry/@volar/typescript/-/typescript-1.3.0-alpha.0.tgz#f79bbc9939016700812b18191c47eb035913c6c3"
  integrity sha1-95u8mTkBZwCBKxgZHEfrA1kTxsM=
  dependencies:
    "@volar/language-core" "1.3.0-alpha.0"

"@volar/vue-language-core@1.2.0":
  version "1.2.0"
  resolved "https://pkgs.dev.azure.com/alm-animaeducacao/_packaging/animacore/npm/registry/@volar/vue-language-core/-/vue-language-core-1.2.0.tgz#a600aa93c6a4e89bf2b525b7e876b39e3afdfb9b"
  integrity sha1-pgCqk8ak6JvytSW36Haznjr9+5s=
  dependencies:
    "@volar/language-core" "1.3.0-alpha.0"
    "@volar/source-map" "1.3.0-alpha.0"
    "@vue/compiler-dom" "^3.2.47"
    "@vue/compiler-sfc" "^3.2.47"
    "@vue/reactivity" "^3.2.47"
    "@vue/shared" "^3.2.47"
    minimatch "^6.1.6"
    muggle-string "^0.2.2"
    vue-template-compiler "^2.7.14"

"@volar/vue-typescript@1.2.0":
  version "1.2.0"
  resolved "https://pkgs.dev.azure.com/alm-animaeducacao/_packaging/animacore/npm/registry/@volar/vue-typescript/-/vue-typescript-1.2.0.tgz#825dab4624a116d8be21efbf0c4a7bd6dec51d37"
  integrity sha1-gl2rRiShFti+Ie+/DEp71t7FHTc=
  dependencies:
    "@volar/typescript" "1.3.0-alpha.0"
    "@volar/vue-language-core" "1.2.0"

"@vue/compiler-core@3.2.47":
  version "3.2.47"
  resolved "https://pkgs.dev.azure.com/alm-animaeducacao/_packaging/animacore/npm/registry/@vue/compiler-core/-/compiler-core-3.2.47.tgz#3e07c684d74897ac9aa5922c520741f3029267f8"
  integrity sha1-PgfGhNdIl6yapZIsUgdB8wKSZ/g=
  dependencies:
    "@babel/parser" "^7.16.4"
    "@vue/shared" "3.2.47"
    estree-walker "^2.0.2"
    source-map "^0.6.1"

"@vue/compiler-dom@3.2.47", "@vue/compiler-dom@^3.2.47":
  version "3.2.47"
  resolved "https://pkgs.dev.azure.com/alm-animaeducacao/_packaging/animacore/npm/registry/@vue/compiler-dom/-/compiler-dom-3.2.47.tgz#a0b06caf7ef7056939e563dcaa9cbde30794f305"
  integrity sha1-oLBsr373BWk55WPcqpy94weU8wU=
  dependencies:
    "@vue/compiler-core" "3.2.47"
    "@vue/shared" "3.2.47"

"@vue/compiler-sfc@3.2.47", "@vue/compiler-sfc@^3.2.47":
  version "3.2.47"
  resolved "https://pkgs.dev.azure.com/alm-animaeducacao/_packaging/animacore/npm/registry/@vue/compiler-sfc/-/compiler-sfc-3.2.47.tgz#1bdc36f6cdc1643f72e2c397eb1a398f5004ad3d"
  integrity sha1-G9w29s3BZD9y4sOX6xo5j1AErT0=
  dependencies:
    "@babel/parser" "^7.16.4"
    "@vue/compiler-core" "3.2.47"
    "@vue/compiler-dom" "3.2.47"
    "@vue/compiler-ssr" "3.2.47"
    "@vue/reactivity-transform" "3.2.47"
    "@vue/shared" "3.2.47"
    estree-walker "^2.0.2"
    magic-string "^0.25.7"
    postcss "^8.1.10"
    source-map "^0.6.1"

"@vue/compiler-ssr@3.2.47":
  version "3.2.47"
  resolved "https://pkgs.dev.azure.com/alm-animaeducacao/_packaging/animacore/npm/registry/@vue/compiler-ssr/-/compiler-ssr-3.2.47.tgz#35872c01a273aac4d6070ab9d8da918ab13057ee"
  integrity sha1-NYcsAaJzqsTWBwq52NqRirEwV+4=
  dependencies:
    "@vue/compiler-dom" "3.2.47"
    "@vue/shared" "3.2.47"

"@vue/devtools-api@^6.5.0":
  version "6.5.0"
  resolved "https://pkgs.dev.azure.com/alm-animaeducacao/_packaging/animacore/npm/registry/@vue/devtools-api/-/devtools-api-6.5.0.tgz#98b99425edee70b4c992692628fa1ea2c1e57d07"
  integrity sha1-mLmUJe3ucLTJkmkmKPoeosHlfQc=

"@vue/reactivity-transform@3.2.47":
  version "3.2.47"
  resolved "https://pkgs.dev.azure.com/alm-animaeducacao/_packaging/animacore/npm/registry/@vue/reactivity-transform/-/reactivity-transform-3.2.47.tgz#e45df4d06370f8abf29081a16afd25cffba6d84e"
  integrity sha1-5F300GNw+KvykIGhav0lz/um2E4=
  dependencies:
    "@babel/parser" "^7.16.4"
    "@vue/compiler-core" "3.2.47"
    "@vue/shared" "3.2.47"
    estree-walker "^2.0.2"
    magic-string "^0.25.7"

"@vue/reactivity@3.2.47", "@vue/reactivity@^3.2.47":
  version "3.2.47"
  resolved "https://pkgs.dev.azure.com/alm-animaeducacao/_packaging/animacore/npm/registry/@vue/reactivity/-/reactivity-3.2.47.tgz#1d6399074eadfc3ed35c727e2fd707d6881140b6"
  integrity sha1-HWOZB06t/D7TXHJ+L9cH1ogRQLY=
  dependencies:
    "@vue/shared" "3.2.47"

"@vue/runtime-core@3.2.47":
  version "3.2.47"
  resolved "https://pkgs.dev.azure.com/alm-animaeducacao/_packaging/animacore/npm/registry/@vue/runtime-core/-/runtime-core-3.2.47.tgz#406ebade3d5551c00fc6409bbc1eeb10f32e121d"
  integrity sha1-QG663j1VUcAPxkCbvB7rEPMuEh0=
  dependencies:
    "@vue/reactivity" "3.2.47"
    "@vue/shared" "3.2.47"

"@vue/runtime-dom@3.2.47":
  version "3.2.47"
  resolved "https://pkgs.dev.azure.com/alm-animaeducacao/_packaging/animacore/npm/registry/@vue/runtime-dom/-/runtime-dom-3.2.47.tgz#93e760eeaeab84dedfb7c3eaf3ed58d776299382"
  integrity sha1-k+dg7q6rhN7ft8Pq8+1Y13Ypk4I=
  dependencies:
    "@vue/runtime-core" "3.2.47"
    "@vue/shared" "3.2.47"
    csstype "^2.6.8"

"@vue/server-renderer@3.2.47":
  version "3.2.47"
  resolved "https://pkgs.dev.azure.com/alm-animaeducacao/_packaging/animacore/npm/registry/@vue/server-renderer/-/server-renderer-3.2.47.tgz#8aa1d1871fc4eb5a7851aa7f741f8f700e6de3c0"
  integrity sha1-iqHRhx/E61p4Uap/dB+PcA5t48A=
  dependencies:
    "@vue/compiler-ssr" "3.2.47"
    "@vue/shared" "3.2.47"

"@vue/shared@3.2.47", "@vue/shared@^3.2.47":
  version "3.2.47"
  resolved "https://pkgs.dev.azure.com/alm-animaeducacao/_packaging/animacore/npm/registry/@vue/shared/-/shared-3.2.47.tgz#e597ef75086c6e896ff5478a6bfc0a7aa4bbd14c"
  integrity sha1-5ZfvdQhsbolv9UeKa/wKeqS70Uw=

"@vueuse/core@^9.13.0":
  version "9.13.0"
  resolved "https://pkgs.dev.azure.com/alm-animaeducacao/_packaging/animacore/npm/registry/@vueuse/core/-/core-9.13.0.tgz#2f69e66d1905c1e4eebc249a01759cf88ea00cf4"
  integrity sha1-L2nmbRkFweTuvCSaAXWc+I6gDPQ=
  dependencies:
    "@types/web-bluetooth" "^0.0.16"
    "@vueuse/metadata" "9.13.0"
    "@vueuse/shared" "9.13.0"
    vue-demi "*"

"@vueuse/metadata@9.13.0":
  version "9.13.0"
  resolved "https://pkgs.dev.azure.com/alm-animaeducacao/_packaging/animacore/npm/registry/@vueuse/metadata/-/metadata-9.13.0.tgz#bc25a6cdad1b1a93c36ce30191124da6520539ff"
  integrity sha1-vCWmza0bGpPDbOMBkRJNplIFOf8=

"@vueuse/shared@9.13.0":
  version "9.13.0"
  resolved "https://pkgs.dev.azure.com/alm-animaeducacao/_packaging/animacore/npm/registry/@vueuse/shared/-/shared-9.13.0.tgz#089ff4cc4e2e7a4015e57a8f32e4b39d096353b9"
  integrity sha1-CJ/0zE4uekAV5XqPMuSznQljU7k=
  dependencies:
    vue-demi "*"

asynckit@^0.4.0:
  version "0.4.0"
  resolved "https://pkgs.dev.azure.com/alm-animaeducacao/_packaging/animacore/npm/registry/asynckit/-/asynckit-0.4.0.tgz#c79ed97f7f34cb8f2ba1bc9790bcc366474b4b79"
  integrity sha1-x57Zf380y48robyXkLzDZkdLS3k=

axios@^1.3.5:
  version "1.3.5"
  resolved "https://pkgs.dev.azure.com/alm-animaeducacao/_packaging/animacore/npm/registry/axios/-/axios-1.3.5.tgz#e07209b39a0d11848e3e341fa087acd71dadc542"
  integrity sha1-4HIJs5oNEYSOPjQfoIes1x2txUI=
  dependencies:
    follow-redirects "^1.15.0"
    form-data "^4.0.0"
    proxy-from-env "^1.1.0"

balanced-match@^1.0.0:
  version "1.0.2"
  resolved "https://pkgs.dev.azure.com/alm-animaeducacao/_packaging/animacore/npm/registry/balanced-match/-/balanced-match-1.0.2.tgz#e83e3a7e3f300b34cb9d87f615fa0cbf357690ee"
  integrity sha1-6D46fj8wCzTLnYf2FfoMvzV2kO4=

brace-expansion@^2.0.1:
  version "2.0.1"
  resolved "https://pkgs.dev.azure.com/alm-animaeducacao/_packaging/animacore/npm/registry/brace-expansion/-/brace-expansion-2.0.1.tgz#1edc459e0f0c548486ecf9fc99f2221364b9a0ae"
  integrity sha1-HtxFng8MVISG7Pn8mfIiE2S5oK4=
  dependencies:
    balanced-match "^1.0.0"

combined-stream@^1.0.8:
  version "1.0.8"
  resolved "https://pkgs.dev.azure.com/alm-animaeducacao/_packaging/animacore/npm/registry/combined-stream/-/combined-stream-1.0.8.tgz#c3d45a8b34fd730631a110a8a2520682b31d5a7f"
  integrity sha1-w9RaizT9cwYxoRCoolIGgrMdWn8=
  dependencies:
    delayed-stream "~1.0.0"

csstype@^2.6.8:
  version "2.6.21"
  resolved "https://pkgs.dev.azure.com/alm-animaeducacao/_packaging/animacore/npm/registry/csstype/-/csstype-2.6.21.tgz#2efb85b7cc55c80017c66a5ad7cbd931fda3a90e"
  integrity sha1-LvuFt8xVyAAXxmpa18vZMf2jqQ4=

de-indent@^1.0.2:
  version "1.0.2"
  resolved "https://pkgs.dev.azure.com/alm-animaeducacao/_packaging/animacore/npm/registry/de-indent/-/de-indent-1.0.2.tgz#b2038e846dc33baa5796128d0804b455b8c1e21d"
  integrity sha1-sgOOhG3DO6pXlhKNCAS0VbjB4h0=

delayed-stream@~1.0.0:
  version "1.0.0"
  resolved "https://pkgs.dev.azure.com/alm-animaeducacao/_packaging/animacore/npm/registry/delayed-stream/-/delayed-stream-1.0.0.tgz#df3ae199acadfb7d440aaae0b29e2272b24ec619"
  integrity sha1-3zrhmayt+31ECqrgsp4icrJOxhk=

esbuild@^0.17.5:
  version "0.17.15"
  resolved "https://pkgs.dev.azure.com/alm-animaeducacao/_packaging/animacore/npm/registry/esbuild/-/esbuild-0.17.15.tgz#209ebc87cb671ffb79574db93494b10ffaf43cbc"
  integrity sha1-IJ68h8tnH/t5V025NJSxD/r0PLw=
  optionalDependencies:
    "@esbuild/android-arm" "0.17.15"
    "@esbuild/android-arm64" "0.17.15"
    "@esbuild/android-x64" "0.17.15"
    "@esbuild/darwin-arm64" "0.17.15"
    "@esbuild/darwin-x64" "0.17.15"
    "@esbuild/freebsd-arm64" "0.17.15"
    "@esbuild/freebsd-x64" "0.17.15"
    "@esbuild/linux-arm" "0.17.15"
    "@esbuild/linux-arm64" "0.17.15"
    "@esbuild/linux-ia32" "0.17.15"
    "@esbuild/linux-loong64" "0.17.15"
    "@esbuild/linux-mips64el" "0.17.15"
    "@esbuild/linux-ppc64" "0.17.15"
    "@esbuild/linux-riscv64" "0.17.15"
    "@esbuild/linux-s390x" "0.17.15"
    "@esbuild/linux-x64" "0.17.15"
    "@esbuild/netbsd-x64" "0.17.15"
    "@esbuild/openbsd-x64" "0.17.15"
    "@esbuild/sunos-x64" "0.17.15"
    "@esbuild/win32-arm64" "0.17.15"
    "@esbuild/win32-ia32" "0.17.15"
    "@esbuild/win32-x64" "0.17.15"

estree-walker@^2.0.2:
  version "2.0.2"
  resolved "https://pkgs.dev.azure.com/alm-animaeducacao/_packaging/animacore/npm/registry/estree-walker/-/estree-walker-2.0.2.tgz#52f010178c2a4c117a7757cfe942adb7d2da4cac"
  integrity sha1-UvAQF4wqTBF6d1fP6UKtt9LaTKw=

follow-redirects@^1.15.0:
  version "1.15.2"
  resolved "https://pkgs.dev.azure.com/alm-animaeducacao/_packaging/animacore/npm/registry/follow-redirects/-/follow-redirects-1.15.2.tgz#b460864144ba63f2681096f274c4e57026da2c13"
  integrity sha1-tGCGQUS6Y/JoEJbydMTlcCbaLBM=

form-data@^4.0.0:
  version "4.0.0"
  resolved "https://pkgs.dev.azure.com/alm-animaeducacao/_packaging/animacore/npm/registry/form-data/-/form-data-4.0.0.tgz#93919daeaf361ee529584b9b31664dc12c9fa452"
  integrity sha1-k5Gdrq82HuUpWEubMWZNwSyfpFI=
  dependencies:
    asynckit "^0.4.0"
    combined-stream "^1.0.8"
    mime-types "^2.1.12"

fsevents@~2.3.2:
  version "2.3.2"
  resolved "https://pkgs.dev.azure.com/alm-animaeducacao/_packaging/animacore/npm/registry/fsevents/-/fsevents-2.3.2.tgz#8a526f78b8fdf4623b709e0b975c52c24c02fd1a"
  integrity sha1-ilJveLj99GI7cJ4Ll1xSwkwC/Ro=

function-bind@^1.1.1:
  version "1.1.1"
  resolved "https://pkgs.dev.azure.com/alm-animaeducacao/_packaging/animacore/npm/registry/function-bind/-/function-bind-1.1.1.tgz#a56899d3ea3c9bab874bb9773b7c5ede92f4895d"
  integrity sha1-pWiZ0+o8m6uHS7l3O3xe3pL0iV0=

has@^1.0.3:
  version "1.0.3"
  resolved "https://pkgs.dev.azure.com/alm-animaeducacao/_packaging/animacore/npm/registry/has/-/has-1.0.3.tgz#722d7cbfc1f6aa8241f16dd814e011e1f41e8796"
  integrity sha1-ci18v8H2qoJB8W3YFOAR4fQeh5Y=
  dependencies:
    function-bind "^1.1.1"

he@^1.2.0:
  version "1.2.0"
  resolved "https://pkgs.dev.azure.com/alm-animaeducacao/_packaging/animacore/npm/registry/he/-/he-1.2.0.tgz#84ae65fa7eafb165fddb61566ae14baf05664f0f"
  integrity sha1-hK5l+n6vsWX922FWauFLrwVmTw8=

is-core-module@^2.11.0:
  version "2.11.0"
  resolved "https://pkgs.dev.azure.com/alm-animaeducacao/_packaging/animacore/npm/registry/is-core-module/-/is-core-module-2.11.0.tgz#ad4cb3e3863e814523c96f3f58d26cc570ff0144"
  integrity sha1-rUyz44Y+gUUjyW8/WNJsxXD/AUQ=
  dependencies:
    has "^1.0.3"

magic-string@^0.25.7:
  version "0.25.9"
  resolved "https://pkgs.dev.azure.com/alm-animaeducacao/_packaging/animacore/npm/registry/magic-string/-/magic-string-0.25.9.tgz#de7f9faf91ef8a1c91d02c2e5314c8277dbcdd1c"
  integrity sha1-3n+fr5HvihyR0CwuUxTIJ3283Rw=
  dependencies:
    sourcemap-codec "^1.4.8"

mime-db@1.52.0:
  version "1.52.0"
  resolved "https://pkgs.dev.azure.com/alm-animaeducacao/_packaging/animacore/npm/registry/mime-db/-/mime-db-1.52.0.tgz#bbabcdc02859f4987301c856e3387ce5ec43bf70"
  integrity sha1-u6vNwChZ9JhzAchW4zh85exDv3A=

mime-types@^2.1.12:
  version "2.1.35"
  resolved "https://pkgs.dev.azure.com/alm-animaeducacao/_packaging/animacore/npm/registry/mime-types/-/mime-types-2.1.35.tgz#381a871b62a734450660ae3deee44813f70d959a"
  integrity sha1-OBqHG2KnNEUGYK497uRIE/cNlZo=
  dependencies:
    mime-db "1.52.0"

minimatch@^6.1.6:
  version "6.2.0"
  resolved "https://pkgs.dev.azure.com/alm-animaeducacao/_packaging/animacore/npm/registry/minimatch/-/minimatch-6.2.0.tgz#2b70fd13294178c69c04dfc05aebdb97a4e79e42"
  integrity sha1-K3D9EylBeMacBN/AWuvbl6TnnkI=
  dependencies:
    brace-expansion "^2.0.1"

muggle-string@^0.2.2:
  version "0.2.2"
  resolved "https://pkgs.dev.azure.com/alm-animaeducacao/_packaging/animacore/npm/registry/muggle-string/-/muggle-string-0.2.2.tgz#786aa53fea1652c61c6a59e1f839292b262bc72a"
  integrity sha1-eGqlP+oWUsYcalnh+DkpKyYrxyo=

nanoid@^3.3.4:
  version "3.3.6"
  resolved "https://pkgs.dev.azure.com/alm-animaeducacao/_packaging/animacore/npm/registry/nanoid/-/nanoid-3.3.6.tgz#443380c856d6e9f9824267d960b4236ad583ea4c"
  integrity sha1-RDOAyFbW6fmCQmfZYLQjatWD6kw=

path-parse@^1.0.7:
  version "1.0.7"
  resolved "https://pkgs.dev.azure.com/alm-animaeducacao/_packaging/animacore/npm/registry/path-parse/-/path-parse-1.0.7.tgz#fbc114b60ca42b30d9daf5858e4bd68bbedb6735"
  integrity sha1-+8EUtgykKzDZ2vWFjkvWi77bZzU=

picocolors@^1.0.0:
  version "1.0.0"
  resolved "https://pkgs.dev.azure.com/alm-animaeducacao/_packaging/animacore/npm/registry/picocolors/-/picocolors-1.0.0.tgz#cb5bdc74ff3f51892236eaf79d68bc44564ab81c"
  integrity sha1-y1vcdP8/UYkiNur3nWi8RFZKuBw=

pinia@^2.0.34:
  version "2.0.34"
  resolved "https://pkgs.dev.azure.com/alm-animaeducacao/_packaging/animacore/npm/registry/pinia/-/pinia-2.0.34.tgz#6c0c84f06b631c30c030633fa64e525c609105a9"
  integrity sha1-bAyE8GtjHDDAMGM/pk5SXGCRBak=
  dependencies:
    "@vue/devtools-api" "^6.5.0"
    vue-demi "*"

postcss@^8.1.10, postcss@^8.4.21:
  version "8.4.21"
  resolved "https://pkgs.dev.azure.com/alm-animaeducacao/_packaging/animacore/npm/registry/postcss/-/postcss-8.4.21.tgz#c639b719a57efc3187b13a1d765675485f4134f4"
  integrity sha1-xjm3GaV+/DGHsToddlZ1SF9BNPQ=
  dependencies:
    nanoid "^3.3.4"
    picocolors "^1.0.0"
    source-map-js "^1.0.2"

proxy-from-env@^1.1.0:
  version "1.1.0"
  resolved "https://pkgs.dev.azure.com/alm-animaeducacao/_packaging/animacore/npm/registry/proxy-from-env/-/proxy-from-env-1.1.0.tgz#e102f16ca355424865755d2c9e8ea4f24d58c3e2"
  integrity sha1-4QLxbKNVQkhldV0sno6k8k1Yw+I=

resolve@^1.22.1:
  version "1.22.2"
  resolved "https://pkgs.dev.azure.com/alm-animaeducacao/_packaging/animacore/npm/registry/resolve/-/resolve-1.22.2.tgz#0ed0943d4e301867955766c9f3e1ae6d01c6845f"
  integrity sha1-DtCUPU4wGGeVV2bJ8+GubQHGhF8=
  dependencies:
    is-core-module "^2.11.0"
    path-parse "^1.0.7"
    supports-preserve-symlinks-flag "^1.0.0"

rollup@^3.18.0:
  version "3.20.2"
  resolved "https://pkgs.dev.azure.com/alm-animaeducacao/_packaging/animacore/npm/registry/rollup/-/rollup-3.20.2.tgz#f798c600317f216de2e4ad9f4d9ab30a89b690ff"
  integrity sha1-95jGADF/IW3i5K2fTZqzCom2kP8=
  optionalDependencies:
    fsevents "~2.3.2"

source-map-js@^1.0.2:
  version "1.0.2"
  resolved "https://pkgs.dev.azure.com/alm-animaeducacao/_packaging/animacore/npm/registry/source-map-js/-/source-map-js-1.0.2.tgz#adbc361d9c62df380125e7f161f71c826f1e490c"
  integrity sha1-rbw2HZxi3zgBJefxYfccgm8eSQw=

source-map@^0.6.1:
  version "0.6.1"
  resolved "https://pkgs.dev.azure.com/alm-animaeducacao/_packaging/animacore/npm/registry/source-map/-/source-map-0.6.1.tgz#74722af32e9614e9c287a8d0bbde48b5e2f1a263"
  integrity sha1-dHIq8y6WFOnCh6jQu95IteLxomM=

sourcemap-codec@^1.4.8:
  version "1.4.8"
  resolved "https://pkgs.dev.azure.com/alm-animaeducacao/_packaging/animacore/npm/registry/sourcemap-codec/-/sourcemap-codec-1.4.8.tgz#ea804bd94857402e6992d05a38ef1ae35a9ab4c4"
  integrity sha1-6oBL2UhXQC5pktBaOO8a41qatMQ=

supports-preserve-symlinks-flag@^1.0.0:
  version "1.0.0"
  resolved "https://pkgs.dev.azure.com/alm-animaeducacao/_packaging/animacore/npm/registry/supports-preserve-symlinks-flag/-/supports-preserve-symlinks-flag-1.0.0.tgz#6eda4bd344a3c94aea376d4cc31bc77311039e09"
  integrity sha1-btpL00SjyUrqN21MwxvHcxEDngk=

typescript@^4.9.3:
  version "4.9.5"
  resolved "https://pkgs.dev.azure.com/alm-animaeducacao/_packaging/animacore/npm/registry/typescript/-/typescript-4.9.5.tgz#095979f9bcc0d09da324d58d03ce8f8374cbe65a"
  integrity sha1-CVl5+bzA0J2jJNWNA86Pg3TL5lo=

vite@^4.2.0:
  version "4.2.1"
  resolved "https://pkgs.dev.azure.com/alm-animaeducacao/_packaging/animacore/npm/registry/vite/-/vite-4.2.1.tgz#6c2eb337b0dfd80a9ded5922163b94949d7fc254"
  integrity sha1-bC6zN7Df2Aqd7VkiFjuUlJ1/wlQ=
  dependencies:
    esbuild "^0.17.5"
    postcss "^8.4.21"
    resolve "^1.22.1"
    rollup "^3.18.0"
  optionalDependencies:
    fsevents "~2.3.2"

vue-demi@*:
  version "0.13.11"
  resolved "https://pkgs.dev.azure.com/alm-animaeducacao/_packaging/animacore/npm/registry/vue-demi/-/vue-demi-0.13.11.tgz#7d90369bdae8974d87b1973564ad390182410d99"
  integrity sha1-fZA2m9rol02HsZc1ZK05AYJBDZk=

vue-template-compiler@^2.7.14:
  version "2.7.14"
  resolved "https://pkgs.dev.azure.com/alm-animaeducacao/_packaging/animacore/npm/registry/vue-template-compiler/-/vue-template-compiler-2.7.14.tgz#4545b7dfb88090744c1577ae5ac3f964e61634b1"
  integrity sha1-RUW337iAkHRMFXeuWsP5ZOYWNLE=
  dependencies:
    de-indent "^1.0.2"
    he "^1.2.0"

vue-tsc@^1.2.0:
  version "1.2.0"
  resolved "https://pkgs.dev.azure.com/alm-animaeducacao/_packaging/animacore/npm/registry/vue-tsc/-/vue-tsc-1.2.0.tgz#2b64b960cc96208492541394423ace589a461be6"
  integrity sha1-K2S5YMyWIISSVBOUQjrOWJpGG+Y=
  dependencies:
    "@volar/vue-language-core" "1.2.0"
    "@volar/vue-typescript" "1.2.0"

vue@^3.2.47:
  version "3.2.47"
  resolved "https://pkgs.dev.azure.com/alm-animaeducacao/_packaging/animacore/npm/registry/vue/-/vue-3.2.47.tgz#3eb736cbc606fc87038dbba6a154707c8a34cff0"
  integrity sha1-Prc2y8YG/IcDjbumoVRwfIo0z/A=
  dependencies:
    "@vue/compiler-dom" "3.2.47"
    "@vue/compiler-sfc" "3.2.47"
    "@vue/runtime-dom" "3.2.47"
    "@vue/server-renderer" "3.2.47"
    "@vue/shared" "3.2.47"
